
Microsoft Visual Studio Solution File, Format Version 10.00
# Visual Studio 2008
Project("{FAE04EC0-301F-11D3-BF4B-00C04F79EFBC}") = "OpenTK-VBO-Example", "VBO-OpenTK-Forum\OpenTK-VBO-Example.csproj", "{A96A3892-7D2E-47B7-B4B1-33A9A46B5B4C}"
EndProject
Global
	GlobalSection(SolutionConfigurationPlatforms) = preSolution
		Debug|iPhoneSimulator = Debug|iPhoneSimulator
		Release|iPhoneSimulator = Release|iPhoneSimulator
		Debug|iPhone = Debug|iPhone
		Release|iPhone = Release|iPhone
	EndGlobalSection
	GlobalSection(ProjectConfigurationPlatforms) = postSolution
		{A96A3892-7D2E-47B7-B4B1-33A9A46B5B4C}.Debug|iPhone.ActiveCfg = Debug|iPhone
		{A96A3892-7D2E-47B7-B4B1-33A9A46B5B4C}.Debug|iPhone.Build.0 = Debug|iPhone
		{A96A3892-7D2E-47B7-B4B1-33A9A46B5B4C}.Debug|iPhoneSimulator.ActiveCfg = Debug|iPhoneSimulator
		{A96A3892-7D2E-47B7-B4B1-33A9A46B5B4C}.Debug|iPhoneSimulator.Build.0 = Debug|iPhoneSimulator
		{A96A3892-7D2E-47B7-B4B1-33A9A46B5B4C}.Release|iPhone.ActiveCfg = Release|iPhone
		{A96A3892-7D2E-47B7-B4B1-33A9A46B5B4C}.Release|iPhone.Build.0 = Release|iPhone
		{A96A3892-7D2E-47B7-B4B1-33A9A46B5B4C}.Release|iPhoneSimulator.ActiveCfg = Release|iPhoneSimulator
		{A96A3892-7D2E-47B7-B4B1-33A9A46B5B4C}.Release|iPhoneSimulator.Build.0 = Release|iPhoneSimulator
	EndGlobalSection
	GlobalSection(MonoDevelopProperties) = preSolution
		StartupItem = VBO-OpenTK-Forum\OpenTK-VBO-Example.csproj
	EndGlobalSection
EndGlobal
